
Microsoft Visual Studio Solution File, Format Version 12.00
# Visual Studio Version 17
VisualStudioVersion = 17.0.31903.59
MinimumVisualStudioVersion = 10.0.40219.1
Project("{FAE04EC0-301F-11D3-BF4B-00C04F79EFBC}") = "CodeBreaker", "CodeBreaker\CodeBreaker.csproj", "{8184C3FA-C288-4A4F-9261-0C8F8F2ED0B5}"
EndProject
Project("{FAE04EC0-301F-11D3-BF4B-00C04F79EFBC}") = "BookCipher", "BookCipher\BookCipher.csproj", "{0E80E7D4-6B8A-4B06-A10F-739F112BDC39}"
EndProject
Project("{FAE04EC0-301F-11D3-BF4B-00C04F79EFBC}") = "BinaryFinary", "BinaryFinary\BinaryFinary.csproj", "{8FFBAE52-89AC-46CF-9D53-A2267CD3FABB}"
EndProject
Project("{FAE04EC0-301F-11D3-BF4B-00C04F79EFBC}") = "PizzaShop", "PizzaShop\PizzaShop.csproj", "{478E55E5-BFB2-417E-9FF5-93D0C587A323}"
EndProject
Project("{FAE04EC0-301F-11D3-BF4B-00C04F79EFBC}") = "Algorithims", "Algorithims\Algorithims.csproj", "{1004747B-13E2-4112-A987-FEF770D132D6}"
EndProject
Global
	GlobalSection(SolutionConfigurationPlatforms) = preSolution
		Debug|Any CPU = Debug|Any CPU
		Release|Any CPU = Release|Any CPU
	EndGlobalSection
	GlobalSection(SolutionProperties) = preSolution
		HideSolutionNode = FALSE
	EndGlobalSection
	GlobalSection(ProjectConfigurationPlatforms) = postSolution
		{8184C3FA-C288-4A4F-9261-0C8F8F2ED0B5}.Debug|Any CPU.ActiveCfg = Debug|Any CPU
		{8184C3FA-C288-4A4F-9261-0C8F8F2ED0B5}.Debug|Any CPU.Build.0 = Debug|Any CPU
		{8184C3FA-C288-4A4F-9261-0C8F8F2ED0B5}.Release|Any CPU.ActiveCfg = Release|Any CPU
		{8184C3FA-C288-4A4F-9261-0C8F8F2ED0B5}.Release|Any CPU.Build.0 = Release|Any CPU
		{0E80E7D4-6B8A-4B06-A10F-739F112BDC39}.Debug|Any CPU.ActiveCfg = Debug|Any CPU
		{0E80E7D4-6B8A-4B06-A10F-739F112BDC39}.Debug|Any CPU.Build.0 = Debug|Any CPU
		{0E80E7D4-6B8A-4B06-A10F-739F112BDC39}.Release|Any CPU.ActiveCfg = Release|Any CPU
		{0E80E7D4-6B8A-4B06-A10F-739F112BDC39}.Release|Any CPU.Build.0 = Release|Any CPU
		{8FFBAE52-89AC-46CF-9D53-A2267CD3FABB}.Debug|Any CPU.ActiveCfg = Debug|Any CPU
		{8FFBAE52-89AC-46CF-9D53-A2267CD3FABB}.Debug|Any CPU.Build.0 = Debug|Any CPU
		{8FFBAE52-89AC-46CF-9D53-A2267CD3FABB}.Release|Any CPU.ActiveCfg = Release|Any CPU
		{8FFBAE52-89AC-46CF-9D53-A2267CD3FABB}.Release|Any CPU.Build.0 = Release|Any CPU
		{478E55E5-BFB2-417E-9FF5-93D0C587A323}.Debug|Any CPU.ActiveCfg = Debug|Any CPU
		{478E55E5-BFB2-417E-9FF5-93D0C587A323}.Debug|Any CPU.Build.0 = Debug|Any CPU
		{478E55E5-BFB2-417E-9FF5-93D0C587A323}.Release|Any CPU.ActiveCfg = Release|Any CPU
		{478E55E5-BFB2-417E-9FF5-93D0C587A323}.Release|Any CPU.Build.0 = Release|Any CPU
		{1004747B-13E2-4112-A987-FEF770D132D6}.Debug|Any CPU.ActiveCfg = Debug|Any CPU
		{1004747B-13E2-4112-A987-FEF770D132D6}.Debug|Any CPU.Build.0 = Debug|Any CPU
		{1004747B-13E2-4112-A987-FEF770D132D6}.Release|Any CPU.ActiveCfg = Release|Any CPU
		{1004747B-13E2-4112-A987-FEF770D132D6}.Release|Any CPU.Build.0 = Release|Any CPU
	EndGlobalSection
EndGlobal
